// !$*UTF8*$!
{
	archiveVersion = 1;
	classes = {
	};
	objectVersion = 46;
	objects = {

/* Begin PBXBuildFile section */
		267B05151ABA02C30082FE46 /* main.m in Sources */ = {isa = PBXBuildFile; fileRef = 267B05141ABA02C30082FE46 /* main.m */; };
		267B05181ABA02C30082FE46 /* AppDelegate.m in Sources */ = {isa = PBXBuildFile; fileRef = 267B05171ABA02C30082FE46 /* AppDelegate.m */; };
		267B051E1ABA02C30082FE46 /* Main.storyboard in Resources */ = {isa = PBXBuildFile; fileRef = 267B051C1ABA02C30082FE46 /* Main.storyboard */; };
		267B05201ABA02C30082FE46 /* Images.xcassets in Resources */ = {isa = PBXBuildFile; fileRef = 267B051F1ABA02C30082FE46 /* Images.xcassets */; };
		267B05231ABA02C30082FE46 /* LaunchScreen.xib in Resources */ = {isa = PBXBuildFile; fileRef = 267B05211ABA02C30082FE46 /* LaunchScreen.xib */; };
		267B052F1ABA02C40082FE46 /* LionsAndTigersTests.m in Sources */ = {isa = PBXBuildFile; fileRef = 267B052E1ABA02C40082FE46 /* LionsAndTigersTests.m */; };
		267B053A1ABA04CF0082FE46 /* RootViewController.m in Sources */ = {isa = PBXBuildFile; fileRef = 267B05391ABA04CF0082FE46 /* RootViewController.m */; };
		267B05431ABA0EFC0082FE46 /* TopViewController.m in Sources */ = {isa = PBXBuildFile; fileRef = 267B05421ABA0EFC0082FE46 /* TopViewController.m */; };
		267B05461ABA11700082FE46 /* HUDViewController.m in Sources */ = {isa = PBXBuildFile; fileRef = 267B05451ABA11700082FE46 /* HUDViewController.m */; };
/* End PBXBuildFile section */

/* Begin PBXContainerItemProxy section */
		267B05291ABA02C40082FE46 /* PBXContainerItemProxy */ = {
			isa = PBXContainerItemProxy;
			containerPortal = 267B05071ABA02C30082FE46 /* Project object */;
			proxyType = 1;
			remoteGlobalIDString = 267B050E1ABA02C30082FE46;
			remoteInfo = LionsAndTigers;
		};
/* End PBXContainerItemProxy section */

/* Begin PBXFileReference section */
		267B050F1ABA02C30082FE46 /* LionsAndTigers.app */ = {isa = PBXFileReference; explicitFileType = wrapper.application; includeInIndex = 0; path = LionsAndTigers.app; sourceTree = BUILT_PRODUCTS_DIR; };
		267B05131ABA02C30082FE46 /* Info.plist */ = {isa = PBXFileReference; lastKnownFileType = text.plist.xml; path = Info.plist; sourceTree = "<group>"; };
		267B05141ABA02C30082FE46 /* main.m */ = {isa = PBXFileReference; lastKnownFileType = sourcecode.c.objc; path = main.m; sourceTree = "<group>"; };
		267B05161ABA02C30082FE46 /* AppDelegate.h */ = {isa = PBXFileReference; lastKnownFileType = sourcecode.c.h; path = AppDelegate.h; sourceTree = "<group>"; };
		267B05171ABA02C30082FE46 /* AppDelegate.m */ = {isa = PBXFileReference; lastKnownFileType = sourcecode.c.objc; path = AppDelegate.m; sourceTree = "<group>"; };
		267B051D1ABA02C30082FE46 /* Base */ = {isa = PBXFileReference; lastKnownFileType = file.storyboard; name = Base; path = Base.lproj/Main.storyboard; sourceTree = "<group>"; };
		267B051F1ABA02C30082FE46 /* Images.xcassets */ = {isa = PBXFileReference; lastKnownFileType = folder.assetcatalog; path = Images.xcassets; sourceTree = "<group>"; };
		267B05221ABA02C30082FE46 /* Base */ = {isa = PBXFileReference; lastKnownFileType = file.xib; name = Base; path = Base.lproj/LaunchScreen.xib; sourceTree = "<group>"; };
		267B05281ABA02C40082FE46 /* LionsAndTigersTests.xctest */ = {isa = PBXFileReference; explicitFileType = wrapper.cfbundle; includeInIndex = 0; path = LionsAndTigersTests.xctest; sourceTree = BUILT_PRODUCTS_DIR; };
		267B052D1ABA02C40082FE46 /* Info.plist */ = {isa = PBXFileReference; lastKnownFileType = text.plist.xml; path = Info.plist; sourceTree = "<group>"; };
		267B052E1ABA02C40082FE46 /* LionsAndTigersTests.m */ = {isa = PBXFileReference; lastKnownFileType = sourcecode.c.objc; path = LionsAndTigersTests.m; sourceTree = "<group>"; };
		267B05381ABA04CF0082FE46 /* RootViewController.h */ = {isa = PBXFileReference; fileEncoding = 4; lastKnownFileType = sourcecode.c.h; name = RootViewController.h; path = ../RootViewController.h; sourceTree = "<group>"; };
		267B05391ABA04CF0082FE46 /* RootViewController.m */ = {isa = PBXFileReference; fileEncoding = 4; lastKnownFileType = sourcecode.c.objc; name = RootViewController.m; path = ../RootViewController.m; sourceTree = "<group>"; };
		267B05411ABA0EFC0082FE46 /* TopViewController.h */ = {isa = PBXFileReference; fileEncoding = 4; lastKnownFileType = sourcecode.c.h; path = TopViewController.h; sourceTree = "<group>"; };
		267B05421ABA0EFC0082FE46 /* TopViewController.m */ = {isa = PBXFileReference; fileEncoding = 4; lastKnownFileType = sourcecode.c.objc; path = TopViewController.m; sourceTree = "<group>"; };
		267B05441ABA11700082FE46 /* HUDViewController.h */ = {isa = PBXFileReference; fileEncoding = 4; lastKnownFileType = sourcecode.c.h; path = HUDViewController.h; sourceTree = "<group>"; };
		267B05451ABA11700082FE46 /* HUDViewController.m */ = {isa = PBXFileReference; fileEncoding = 4; lastKnownFileType = sourcecode.c.objc; path = HUDViewController.m; sourceTree = "<group>"; };
/* End PBXFileReference section */

/* Begin PBXFrameworksBuildPhase section */
		267B050C1ABA02C30082FE46 /* Frameworks */ = {
			isa = PBXFrameworksBuildPhase;
			buildActionMask = 2147483647;
			files = (
			);
			runOnlyForDeploymentPostprocessing = 0;
		};
		267B05251ABA02C30082FE46 /* Frameworks */ = {
			isa = PBXFrameworksBuildPhase;
			buildActionMask = 2147483647;
			files = (
			);
			runOnlyForDeploymentPostprocessing = 0;
		};
/* End PBXFrameworksBuildPhase section */

/* Begin PBXGroup section */
		267B05061ABA02C30082FE46 = {
			isa = PBXGroup;
			children = (
				267B05111ABA02C30082FE46 /* LionsAndTigers */,
				267B052B1ABA02C40082FE46 /* LionsAndTigersTests */,
				267B05101ABA02C30082FE46 /* Products */,
			);
			sourceTree = "<group>";
		};
		267B05101ABA02C30082FE46 /* Products */ = {
			isa = PBXGroup;
			children = (
				267B050F1ABA02C30082FE46 /* LionsAndTigers.app */,
				267B05281ABA02C40082FE46 /* LionsAndTigersTests.xctest */,
			);
			name = Products;
			sourceTree = "<group>";
		};
		267B05111ABA02C30082FE46 /* LionsAndTigers */ = {
			isa = PBXGroup;
			children = (
				267B05161ABA02C30082FE46 /* AppDelegate.h */,
				267B05171ABA02C30082FE46 /* AppDelegate.m */,
				267B051C1ABA02C30082FE46 /* Main.storyboard */,
				267B05381ABA04CF0082FE46 /* RootViewController.h */,
				267B05391ABA04CF0082FE46 /* RootViewController.m */,
				267B05441ABA11700082FE46 /* HUDViewController.h */,
				267B05451ABA11700082FE46 /* HUDViewController.m */,
				267B05411ABA0EFC0082FE46 /* TopViewController.h */,
				267B05421ABA0EFC0082FE46 /* TopViewController.m */,
				267B051F1ABA02C30082FE46 /* Images.xcassets */,
				267B05211ABA02C30082FE46 /* LaunchScreen.xib */,
				267B05121ABA02C30082FE46 /* Supporting Files */,
			);
			path = LionsAndTigers;
			sourceTree = "<group>";
		};
		267B05121ABA02C30082FE46 /* Supporting Files */ = {
			isa = PBXGroup;
			children = (
				267B05131ABA02C30082FE46 /* Info.plist */,
				267B05141ABA02C30082FE46 /* main.m */,
			);
			name = "Supporting Files";
			sourceTree = "<group>";
		};
		267B052B1ABA02C40082FE46 /* LionsAndTigersTests */ = {
			isa = PBXGroup;
			children = (
				267B052E1ABA02C40082FE46 /* LionsAndTigersTests.m */,
				267B052C1ABA02C40082FE46 /* Supporting Files */,
			);
			path = LionsAndTigersTests;
			sourceTree = "<group>";
		};
		267B052C1ABA02C40082FE46 /* Supporting Files */ = {
			isa = PBXGroup;
			children = (
				267B052D1ABA02C40082FE46 /* Info.plist */,
			);
			name = "Supporting Files";
			sourceTree = "<group>";
		};
/* End PBXGroup section */

/* Begin PBXNativeTarget section */
		267B050E1ABA02C30082FE46 /* LionsAndTigers */ = {
			isa = PBXNativeTarget;
			buildConfigurationList = 267B05321ABA02C40082FE46 /* Build configuration list for PBXNativeTarget "LionsAndTigers" */;
			buildPhases = (
				267B050B1ABA02C30082FE46 /* Sources */,
				267B050C1ABA02C30082FE46 /* Frameworks */,
				267B050D1ABA02C30082FE46 /* Resources */,
			);
			buildRules = (
			);
			dependencies = (
			);
			name = LionsAndTigers;
			productName = LionsAndTigers;
			productReference = 267B050F1ABA02C30082FE46 /* LionsAndTigers.app */;
			productType = "com.apple.product-type.application";
		};
		267B05271ABA02C30082FE46 /* LionsAndTigersTests */ = {
			isa = PBXNativeTarget;
			buildConfigurationList = 267B05351ABA02C40082FE46 /* Build configuration list for PBXNativeTarget "LionsAndTigersTests" */;
			buildPhases = (
				267B05241ABA02C30082FE46 /* Sources */,
				267B05251ABA02C30082FE46 /* Frameworks */,
				267B05261ABA02C30082FE46 /* Resources */,
			);
			buildRules = (
			);
			dependencies = (
				267B052A1ABA02C40082FE46 /* PBXTargetDependency */,
			);
			name = LionsAndTigersTests;
			productName = LionsAndTigersTests;
			productReference = 267B05281ABA02C40082FE46 /* LionsAndTigersTests.xctest */;
			productType = "com.apple.product-type.bundle.unit-test";
		};
/* End PBXNativeTarget section */

/* Begin PBXProject section */
		267B05071ABA02C30082FE46 /* Project object */ = {
			isa = PBXProject;
			attributes = {
				LastUpgradeCheck = 0610;
				ORGANIZATIONNAME = "Michael Sevy";
				TargetAttributes = {
					267B050E1ABA02C30082FE46 = {
						CreatedOnToolsVersion = 6.1.1;
					};
					267B05271ABA02C30082FE46 = {
						CreatedOnToolsVersion = 6.1.1;
						TestTargetID = 267B050E1ABA02C30082FE46;
					};
				};
			};
			buildConfigurationList = 267B050A1ABA02C30082FE46 /* Build configuration list for PBXProject "LionsAndTigers" */;
			compatibilityVersion = "Xcode 3.2";
			developmentRegion = English;
			hasScannedForEncodings = 0;
			knownRegions = (
				en,
				Base,
			);
			mainGroup = 267B05061ABA02C30082FE46;
			productRefGroup = 267B05101ABA02C30082FE46 /* Products */;
			projectDirPath = "";
			projectRoot = "";
			targets = (
				267B050E1ABA02C30082FE46 /* LionsAndTigers */,
				267B05271ABA02C30082FE46 /* LionsAndTigersTests */,
			);
		};
/* End PBXProject section */

/* Begin PBXResourcesBuildPhase section */
		267B050D1ABA02C30082FE46 /* Resources */ = {
			isa = PBXResourcesBuildPhase;
			buildActionMask = 2147483647;
			files = (
				267B051E1ABA02C30082FE46 /* Main.storyboard in Resources */,
				267B05231ABA02C30082FE46 /* LaunchScreen.xib in Resources */,
				267B05201ABA02C30082FE46 /* Images.xcassets in Resources */,
			);
			runOnlyForDeploymentPostprocessing = 0;
		};
		267B05261ABA02C30082FE46 /* Resources */ = {
			isa = PBXResourcesBuildPhase;
			buildActionMask = 2147483647;
			files = (
			);
			runOnlyForDeploymentPostprocessing = 0;
		};
/* End PBXResourcesBuildPhase section */

/* Begin PBXSourcesBuildPhase section */
		267B050B1ABA02C30082FE46 /* Sources */ = {
			isa = PBXSourcesBuildPhase;
			buildActionMask = 2147483647;
			files = (
				267B05461ABA11700082FE46 /* HUDViewController.m in Sources */,
				267B05431ABA0EFC0082FE46 /* TopViewController.m in Sources */,
				267B05181ABA02C30082FE46 /* AppDelegate.m in Sources */,
				267B05151ABA02C30082FE46 /* main.m in Sources */,
				267B053A1ABA04CF0082FE46 /* RootViewController.m in Sources */,
			);
			runOnlyForDeploymentPostprocessing = 0;
		};
		267B05241ABA02C30082FE46 /* Sources */ = {
			isa = PBXSourcesBuildPhase;
			buildActionMask = 2147483647;
			files = (
				267B052F1ABA02C40082FE46 /* LionsAndTigersTests.m in Sources */,
			);
			runOnlyForDeploymentPostprocessing = 0;
		};
/* End PBXSourcesBuildPhase section */

/* Begin PBXTargetDependency section */
		267B052A1ABA02C40082FE46 /* PBXTargetDependency */ = {
			isa = PBXTargetDependency;
			target = 267B050E1ABA02C30082FE46 /* LionsAndTigers */;
			targetProxy = 267B05291ABA02C40082FE46 /* PBXContainerItemProxy */;
		};
/* End PBXTargetDependency section */

/* Begin PBXVariantGroup section */
		267B051C1ABA02C30082FE46 /* Main.storyboard */ = {
			isa = PBXVariantGroup;
			children = (
				267B051D1ABA02C30082FE46 /* Base */,
			);
			name = Main.storyboard;
			sourceTree = "<group>";
		};
		267B05211ABA02C30082FE46 /* LaunchScreen.xib */ = {
			isa = PBXVariantGroup;
			children = (
				267B05221ABA02C30082FE46 /* Base */,
			);
			name = LaunchScreen.xib;
			sourceTree = "<group>";
		};
/* End PBXVariantGroup section */

/* Begin XCBuildConfiguration section */
		267B05301ABA02C40082FE46 /* Debug */ = {
			isa = XCBuildConfiguration;
			buildSettings = {
				ALWAYS_SEARCH_USER_PATHS = NO;
				CLANG_CXX_LANGUAGE_STANDARD = "gnu++0x";
				CLANG_CXX_LIBRARY = "libc++";
				CLANG_ENABLE_MODULES = YES;
				CLANG_ENABLE_OBJC_ARC = YES;
				CLANG_WARN_BOOL_CONVERSION = YES;
				CLANG_WARN_CONSTANT_CONVERSION = YES;
				CLANG_WARN_DIRECT_OBJC_ISA_USAGE = YES_ERROR;
				CLANG_WARN_EMPTY_BODY = YES;
				CLANG_WARN_ENUM_CONVERSION = YES;
				CLANG_WARN_INT_CONVERSION = YES;
				CLANG_WARN_OBJC_ROOT_CLASS = YES_ERROR;
				CLANG_WARN_UNREACHABLE_CODE = YES;
				CLANG_WARN__DUPLICATE_METHOD_MATCH = YES;
				"CODE_SIGN_IDENTITY[sdk=iphoneos*]" = "iPhone Developer";
				COPY_PHASE_STRIP = NO;
				ENABLE_STRICT_OBJC_MSGSEND = YES;
				GCC_C_LANGUAGE_STANDARD = gnu99;
				GCC_DYNAMIC_NO_PIC = NO;
				GCC_OPTIMIZATION_LEVEL = 0;
				GCC_PREPROCESSOR_DEFINITIONS = (
					"DEBUG=1",
					"$(inherited)",
				);
				GCC_SYMBOLS_PRIVATE_EXTERN = NO;
				GCC_WARN_64_TO_32_BIT_CONVERSION = YES;
				GCC_WARN_ABOUT_RETURN_TYPE = YES_ERROR;
				GCC_WARN_UNDECLARED_SELECTOR = YES;
				GCC_WARN_UNINITIALIZED_AUTOS = YES_AGGRESSIVE;
				GCC_WARN_UNUSED_FUNCTION = YES;
				GCC_WARN_UNUSED_VARIABLE = YES;
				IPHONEOS_DEPLOYMENT_TARGET = 8.1;
				MTL_ENABLE_DEBUG_INFO = YES;
				ONLY_ACTIVE_ARCH = YES;
				SDKROOT = iphoneos;
			};
			name = Debug;
		};
		267B05311ABA02C40082FE46 /* Release */ = {
			isa = XCBuildConfiguration;
			buildSettings = {
				ALWAYS_SEARCH_USER_PATHS = NO;
				CLANG_CXX_LANGUAGE_STANDARD = "gnu++0x";
				CLANG_CXX_LIBRARY = "libc++";
				CLANG_ENABLE_MODULES = YES;
				CLANG_ENABLE_OBJC_ARC = YES;
				CLANG_WARN_BOOL_CONVERSION = YES;
				CLANG_WARN_CONSTANT_CONVERSION = YES;
				CLANG_WARN_DIRECT_OBJC_ISA_USAGE = YES_ERROR;
				CLANG_WARN_EMPTY_BODY = YES;
				CLANG_WARN_ENUM_CONVERSION = YES;
				CLANG_WARN_INT_CONVERSION = YES;
				CLANG_WARN_OBJC_ROOT_CLASS = YES_ERROR;
				CLANG_WARN_UNREACHABLE_CODE = YES;
				CLANG_WARN__DUPLICATE_METHOD_MATCH = YES;
				"CODE_SIGN_IDENTITY[sdk=iphoneos*]" = "iPhone Developer";
				COPY_PHASE_STRIP = YES;
				ENABLE_NS_ASSERTIONS = NO;
				ENABLE_STRICT_OBJC_MSGSEND = YES;
				GCC_C_LANGUAGE_STANDARD = gnu99;
				GCC_WARN_64_TO_32_BIT_CONVERSION = YES;
				GCC_WARN_ABOUT_RETURN_TYPE = YES_ERROR;
				GCC_WARN_UNDECLARED_SELECTOR = YES;
				GCC_WARN_UNINITIALIZED_AUTOS = YES_AGGRESSIVE;
				GCC_WARN_UNUSED_FUNCTION = YES;
				GCC_WARN_UNUSED_VARIABLE = YES;
				IPHONEOS_DEPLOYMENT_TARGET = 8.1;
				MTL_ENABLE_DEBUG_INFO = NO;
				SDKROOT = iphoneos;
				VALIDATE_PRODUCT = YES;
			};
			name = Release;
		};
		267B05331ABA02C40082FE46 /* Debug */ = {
			isa = XCBuildConfiguration;
			buildSettings = {
				ASSETCATALOG_COMPILER_APPICON_NAME = AppIcon;
				INFOPLIST_FILE = LionsAndTigers/Info.plist;
				LD_RUNPATH_SEARCH_PATHS = "$(inherited) @executable_path/Frameworks";
				PRODUCT_NAME = "$(TARGET_NAME)";
			};
			name = Debug;
		};
		267B05341ABA02C40082FE46 /* Release */ = {
			isa = XCBuildConfiguration;
			buildSettings = {
				ASSETCATALOG_COMPILER_APPICON_NAME = AppIcon;
				INFOPLIST_FILE = LionsAndTigers/Info.plist;
				LD_RUNPATH_SEARCH_PATHS = "$(inherited) @executable_path/Frameworks";
				PRODUCT_NAME = "$(TARGET_NAME)";
			};
			name = Release;
		};
		267B05361ABA02C40082FE46 /* Debug */ = {
			isa = XCBuildConfiguration;
			buildSettings = {
				BUNDLE_LOADER = "$(TEST_HOST)";
				FRAMEWORK_SEARCH_PATHS = (
					"$(SDKROOT)/Developer/Library/Frameworks",
					"$(inherited)",
				);
				GCC_PREPROCESSOR_DEFINITIONS = (
					"DEBUG=1",
					"$(inherited)",
				);
				INFOPLIST_FILE = LionsAndTigersTests/Info.plist;
				LD_RUNPATH_SEARCH_PATHS = "$(inherited) @executable_path/Frameworks @loader_path/Frameworks";
				PRODUCT_NAME = "$(TARGET_NAME)";
				TEST_HOST = "$(BUILT_PRODUCTS_DIR)/LionsAndTigers.app/LionsAndTigers";
			};
			name = Debug;
		};
		267B05371ABA02C40082FE46 /* Release */ = {
			isa = XCBuildConfiguration;
			buildSettings = {
				BUNDLE_LOADER = "$(TEST_HOST)";
				FRAMEWORK_SEARCH_PATHS = (
					"$(SDKROOT)/Developer/Library/Frameworks",
					"$(inherited)",
				);
				INFOPLIST_FILE = LionsAndTigersTests/Info.plist;
				LD_RUNPATH_SEARCH_PATHS = "$(inherited) @executable_path/Frameworks @loader_path/Frameworks";
				PRODUCT_NAME = "$(TARGET_NAME)";
				TEST_HOST = "$(BUILT_PRODUCTS_DIR)/LionsAndTigers.app/LionsAndTigers";
			};
			name = Release;
		};
/* End XCBuildConfiguration section */

/* Begin XCConfigurationList section */
		267B050A1ABA02C30082FE46 /* Build configuration list for PBXProject "LionsAndTigers" */ = {
			isa = XCConfigurationList;
			buildConfigurations = (
				267B05301ABA02C40082FE46 /* Debug */,
				267B05311ABA02C40082FE46 /* Release */,
			);
			defaultConfigurationIsVisible = 0;
			defaultConfigurationName = Release;
		};
		267B05321ABA02C40082FE46 /* Build configuration list for PBXNativeTarget "LionsAndTigers" */ = {
			isa = XCConfigurationList;
			buildConfigurations = (
				267B05331ABA02C40082FE46 /* Debug */,
				267B05341ABA02C40082FE46 /* Release */,
			);
			defaultConfigurationIsVisible = 0;
		};
		267B05351ABA02C40082FE46 /* Build configuration list for PBXNativeTarget "LionsAndTigersTests" */ = {
			isa = XCConfigurationList;
			buildConfigurations = (
				267B05361ABA02C40082FE46 /* Debug */,
				267B05371ABA02C40082FE46 /* Release */,
			);
			defaultConfigurationIsVisible = 0;
		};
/* End XCConfigurationList section */
	};
	rootObject = 267B05071ABA02C30082FE46 /* Project object */;
}
